
Microsoft Visual Studio Solution File, Format Version 12.00
Project("{FAE04EC0-301F-11D3-BF4B-00C04F79EFBC}") = "Borz", "Borz\Borz.csproj", "{E14A3A7B-0661-4E0B-BFBD-83206705AA20}"
EndProject
Project("{FAE04EC0-301F-11D3-BF4B-00C04F79EFBC}") = "Borz.Tests", "Borz.Tests\Borz.Tests.csproj", "{5B064E50-47F1-445E-AFCF-4D7714BF47AA}"
EndProject
Project("{D954291E-2A0B-460D-934E-DC6B0785DB48}") = "Borz.Linux", "Borz.Linux\Borz.Linux.shproj", "{A12DCAA3-76E7-470C-8B52-2320A6A36ECA}"
EndProject
Project("{FAE04EC0-301F-11D3-BF4B-00C04F79EFBC}") = "Borz.Cli", "Borz.Cli\Borz.Cli.csproj", "{2BB741E8-673C-4675-8AE1-19391C914D8A}"
EndProject
Global
	GlobalSection(SolutionConfigurationPlatforms) = preSolution
		Debug|Any CPU = Debug|Any CPU
		Release|Any CPU = Release|Any CPU
	EndGlobalSection
	GlobalSection(ProjectConfigurationPlatforms) = postSolution
		{E14A3A7B-0661-4E0B-BFBD-83206705AA20}.Debug|Any CPU.ActiveCfg = Debug|Any CPU
		{E14A3A7B-0661-4E0B-BFBD-83206705AA20}.Debug|Any CPU.Build.0 = Debug|Any CPU
		{E14A3A7B-0661-4E0B-BFBD-83206705AA20}.Release|Any CPU.ActiveCfg = Release|Any CPU
		{E14A3A7B-0661-4E0B-BFBD-83206705AA20}.Release|Any CPU.Build.0 = Release|Any CPU
		{5B064E50-47F1-445E-AFCF-4D7714BF47AA}.Debug|Any CPU.ActiveCfg = Debug|Any CPU
		{5B064E50-47F1-445E-AFCF-4D7714BF47AA}.Debug|Any CPU.Build.0 = Debug|Any CPU
		{5B064E50-47F1-445E-AFCF-4D7714BF47AA}.Release|Any CPU.ActiveCfg = Release|Any CPU
		{5B064E50-47F1-445E-AFCF-4D7714BF47AA}.Release|Any CPU.Build.0 = Release|Any CPU
		{2BB741E8-673C-4675-8AE1-19391C914D8A}.Debug|Any CPU.ActiveCfg = Debug|Any CPU
		{2BB741E8-673C-4675-8AE1-19391C914D8A}.Debug|Any CPU.Build.0 = Debug|Any CPU
		{2BB741E8-673C-4675-8AE1-19391C914D8A}.Release|Any CPU.ActiveCfg = Release|Any CPU
		{2BB741E8-673C-4675-8AE1-19391C914D8A}.Release|Any CPU.Build.0 = Release|Any CPU
	EndGlobalSection
EndGlobal
